// !$*UTF8*$!
{
	archiveVersion = 1;
	classes = {
	};
	objectVersion = 56;
	objects = {

/* Begin PBXBuildFile section */
		3A0359AA28E36145004362F5 /* WelcomePageView.swift in Sources */ = {isa = PBXBuildFile; fileRef = 3A0359A928E36145004362F5 /* WelcomePageView.swift */; };
		3A0359AE28E36FC8004362F5 /* Constants.swift in Sources */ = {isa = PBXBuildFile; fileRef = 3A0359AD28E36FC8004362F5 /* Constants.swift */; };
		3A0359B528E370E5004362F5 /* Color+Extensions.swift in Sources */ = {isa = PBXBuildFile; fileRef = 3A0359B428E370E5004362F5 /* Color+Extensions.swift */; };
		3A53B90628E4C1CD0099A35E /* LoginPageView.swift in Sources */ = {isa = PBXBuildFile; fileRef = 3A53B90528E4C1CD0099A35E /* LoginPageView.swift */; };
		3A53B90828E4C1F30099A35E /* LoginPageViewModel.swift in Sources */ = {isa = PBXBuildFile; fileRef = 3A53B90728E4C1F30099A35E /* LoginPageViewModel.swift */; };
		3A53B90A28E4D0430099A35E /* UIColor+Extensions.swift in Sources */ = {isa = PBXBuildFile; fileRef = 3A53B90928E4D0430099A35E /* UIColor+Extensions.swift */; };
		3A53B90D28E4D1260099A35E /* FormEntryField.swift in Sources */ = {isa = PBXBuildFile; fileRef = 3A53B90C28E4D1260099A35E /* FormEntryField.swift */; };
		3A53B90F28E4D2D20099A35E /* SignUpPageView.swift in Sources */ = {isa = PBXBuildFile; fileRef = 3A53B90E28E4D2D20099A35E /* SignUpPageView.swift */; };
		3A53B91128E4D2FD0099A35E /* SignUpPageViewModel.swift in Sources */ = {isa = PBXBuildFile; fileRef = 3A53B91028E4D2FD0099A35E /* SignUpPageViewModel.swift */; };
		3A55622228E6044E00A2AA92 /* CustomTextFieldBackgroundStyle.swift in Sources */ = {isa = PBXBuildFile; fileRef = 3A55622128E6044E00A2AA92 /* CustomTextFieldBackgroundStyle.swift */; };
		3ABA50B328D77F9600C59961 /* EasyFindApp.swift in Sources */ = {isa = PBXBuildFile; fileRef = 3ABA50B228D77F9600C59961 /* EasyFindApp.swift */; };
		3ABA50B528D77F9600C59961 /* ContentView.swift in Sources */ = {isa = PBXBuildFile; fileRef = 3ABA50B428D77F9600C59961 /* ContentView.swift */; };
		3ABA50B728D77F9C00C59961 /* Assets.xcassets in Resources */ = {isa = PBXBuildFile; fileRef = 3ABA50B628D77F9C00C59961 /* Assets.xcassets */; };
		3ABA50BA28D77F9C00C59961 /* Preview Assets.xcassets in Resources */ = {isa = PBXBuildFile; fileRef = 3ABA50B928D77F9C00C59961 /* Preview Assets.xcassets */; };
/* End PBXBuildFile section */

/* Begin PBXFileReference section */
		3A0359A928E36145004362F5 /* WelcomePageView.swift */ = {isa = PBXFileReference; lastKnownFileType = sourcecode.swift; path = WelcomePageView.swift; sourceTree = "<group>"; };
		3A0359AD28E36FC8004362F5 /* Constants.swift */ = {isa = PBXFileReference; lastKnownFileType = sourcecode.swift; path = Constants.swift; sourceTree = "<group>"; };
		3A0359B428E370E5004362F5 /* Color+Extensions.swift */ = {isa = PBXFileReference; lastKnownFileType = sourcecode.swift; path = "Color+Extensions.swift"; sourceTree = "<group>"; };
		3A53B90528E4C1CD0099A35E /* LoginPageView.swift */ = {isa = PBXFileReference; lastKnownFileType = sourcecode.swift; path = LoginPageView.swift; sourceTree = "<group>"; };
		3A53B90728E4C1F30099A35E /* LoginPageViewModel.swift */ = {isa = PBXFileReference; lastKnownFileType = sourcecode.swift; path = LoginPageViewModel.swift; sourceTree = "<group>"; };
		3A53B90928E4D0430099A35E /* UIColor+Extensions.swift */ = {isa = PBXFileReference; lastKnownFileType = sourcecode.swift; path = "UIColor+Extensions.swift"; sourceTree = "<group>"; };
		3A53B90C28E4D1260099A35E /* FormEntryField.swift */ = {isa = PBXFileReference; lastKnownFileType = sourcecode.swift; path = FormEntryField.swift; sourceTree = "<group>"; };
		3A53B90E28E4D2D20099A35E /* SignUpPageView.swift */ = {isa = PBXFileReference; lastKnownFileType = sourcecode.swift; path = SignUpPageView.swift; sourceTree = "<group>"; };
		3A53B91028E4D2FD0099A35E /* SignUpPageViewModel.swift */ = {isa = PBXFileReference; lastKnownFileType = sourcecode.swift; path = SignUpPageViewModel.swift; sourceTree = "<group>"; };
		3A55622128E6044E00A2AA92 /* CustomTextFieldBackgroundStyle.swift */ = {isa = PBXFileReference; lastKnownFileType = sourcecode.swift; path = CustomTextFieldBackgroundStyle.swift; sourceTree = "<group>"; };
		3ABA50AF28D77F9600C59961 /* EasyFind.app */ = {isa = PBXFileReference; explicitFileType = wrapper.application; includeInIndex = 0; path = EasyFind.app; sourceTree = BUILT_PRODUCTS_DIR; };
		3ABA50B228D77F9600C59961 /* EasyFindApp.swift */ = {isa = PBXFileReference; lastKnownFileType = sourcecode.swift; path = EasyFindApp.swift; sourceTree = "<group>"; };
		3ABA50B428D77F9600C59961 /* ContentView.swift */ = {isa = PBXFileReference; lastKnownFileType = sourcecode.swift; path = ContentView.swift; sourceTree = "<group>"; };
		3ABA50B628D77F9C00C59961 /* Assets.xcassets */ = {isa = PBXFileReference; lastKnownFileType = folder.assetcatalog; path = Assets.xcassets; sourceTree = "<group>"; };
		3ABA50B928D77F9C00C59961 /* Preview Assets.xcassets */ = {isa = PBXFileReference; lastKnownFileType = folder.assetcatalog; path = "Preview Assets.xcassets"; sourceTree = "<group>"; };
/* End PBXFileReference section */

/* Begin PBXFrameworksBuildPhase section */
		3ABA50AC28D77F9600C59961 /* Frameworks */ = {
			isa = PBXFrameworksBuildPhase;
			buildActionMask = 2147483647;
			files = (
			);
			runOnlyForDeploymentPostprocessing = 0;
		};
/* End PBXFrameworksBuildPhase section */

/* Begin PBXGroup section */
		3A0359AF28E36FCC004362F5 /* Utils */ = {
			isa = PBXGroup;
			children = (
				3A55622028E6042C00A2AA92 /* CustomStyles */,
				3A0359B428E370E5004362F5 /* Color+Extensions.swift */,
				3A53B90928E4D0430099A35E /* UIColor+Extensions.swift */,
				3A0359AD28E36FC8004362F5 /* Constants.swift */,
			);
			path = Utils;
			sourceTree = "<group>";
		};
		3A0359B028E36FD4004362F5 /* ViewModels */ = {
			isa = PBXGroup;
			children = (
				3A53B90728E4C1F30099A35E /* LoginPageViewModel.swift */,
				3A53B91028E4D2FD0099A35E /* SignUpPageViewModel.swift */,
			);
			path = ViewModels;
			sourceTree = "<group>";
		};
		3A0359B128E36FE7004362F5 /* Views */ = {
			isa = PBXGroup;
			children = (
				3A53B90B28E4D10B0099A35E /* Subviews */,
				3A0359A928E36145004362F5 /* WelcomePageView.swift */,
				3ABA50B428D77F9600C59961 /* ContentView.swift */,
				3A53B90528E4C1CD0099A35E /* LoginPageView.swift */,
				3A53B90E28E4D2D20099A35E /* SignUpPageView.swift */,
			);
			path = Views;
			sourceTree = "<group>";
		};
		3A0359B228E37001004362F5 /* Models */ = {
			isa = PBXGroup;
			children = (
			);
			path = Models;
			sourceTree = "<group>";
		};
		3A53B90B28E4D10B0099A35E /* Subviews */ = {
			isa = PBXGroup;
			children = (
				3A53B90C28E4D1260099A35E /* FormEntryField.swift */,
			);
			path = Subviews;
			sourceTree = "<group>";
		};
		3A55622028E6042C00A2AA92 /* CustomStyles */ = {
			isa = PBXGroup;
			children = (
				3A55622128E6044E00A2AA92 /* CustomTextFieldBackgroundStyle.swift */,
			);
			path = CustomStyles;
			sourceTree = "<group>";
		};
		3ABA50A628D77F9600C59961 = {
			isa = PBXGroup;
			children = (
				3ABA50B128D77F9600C59961 /* EasyFind */,
				3ABA50B028D77F9600C59961 /* Products */,
			);
			sourceTree = "<group>";
		};
		3ABA50B028D77F9600C59961 /* Products */ = {
			isa = PBXGroup;
			children = (
				3ABA50AF28D77F9600C59961 /* EasyFind.app */,
			);
			name = Products;
			sourceTree = "<group>";
		};
		3ABA50B128D77F9600C59961 /* EasyFind */ = {
			isa = PBXGroup;
			children = (
				3ABA50B228D77F9600C59961 /* EasyFindApp.swift */,
				3A0359B228E37001004362F5 /* Models */,
				3A0359B128E36FE7004362F5 /* Views */,
				3A0359B028E36FD4004362F5 /* ViewModels */,
				3A0359AF28E36FCC004362F5 /* Utils */,
				3ABA50B628D77F9C00C59961 /* Assets.xcassets */,
				3ABA50B828D77F9C00C59961 /* Preview Content */,
			);
			path = EasyFind;
			sourceTree = "<group>";
		};
		3ABA50B828D77F9C00C59961 /* Preview Content */ = {
			isa = PBXGroup;
			children = (
				3ABA50B928D77F9C00C59961 /* Preview Assets.xcassets */,
			);
			path = "Preview Content";
			sourceTree = "<group>";
		};
/* End PBXGroup section */

/* Begin PBXNativeTarget section */
		3ABA50AE28D77F9600C59961 /* EasyFind */ = {
			isa = PBXNativeTarget;
			buildConfigurationList = 3ABA50BD28D77F9C00C59961 /* Build configuration list for PBXNativeTarget "EasyFind" */;
			buildPhases = (
				3ABA50AB28D77F9600C59961 /* Sources */,
				3ABA50AC28D77F9600C59961 /* Frameworks */,
				3ABA50AD28D77F9600C59961 /* Resources */,
			);
			buildRules = (
			);
			dependencies = (
			);
			name = EasyFind;
			productName = EasyFind;
			productReference = 3ABA50AF28D77F9600C59961 /* EasyFind.app */;
			productType = "com.apple.product-type.application";
		};
/* End PBXNativeTarget section */

/* Begin PBXProject section */
		3ABA50A728D77F9600C59961 /* Project object */ = {
			isa = PBXProject;
			attributes = {
				BuildIndependentTargetsInParallel = 1;
				LastSwiftUpdateCheck = 1400;
				LastUpgradeCheck = 1400;
				TargetAttributes = {
					3ABA50AE28D77F9600C59961 = {
						CreatedOnToolsVersion = 14.0;
					};
				};
			};
			buildConfigurationList = 3ABA50AA28D77F9600C59961 /* Build configuration list for PBXProject "EasyFind" */;
			compatibilityVersion = "Xcode 14.0";
			developmentRegion = en;
			hasScannedForEncodings = 0;
			knownRegions = (
				en,
				Base,
			);
			mainGroup = 3ABA50A628D77F9600C59961;
			productRefGroup = 3ABA50B028D77F9600C59961 /* Products */;
			projectDirPath = "";
			projectRoot = "";
			targets = (
				3ABA50AE28D77F9600C59961 /* EasyFind */,
			);
		};
/* End PBXProject section */

/* Begin PBXResourcesBuildPhase section */
		3ABA50AD28D77F9600C59961 /* Resources */ = {
			isa = PBXResourcesBuildPhase;
			buildActionMask = 2147483647;
			files = (
				3ABA50BA28D77F9C00C59961 /* Preview Assets.xcassets in Resources */,
				3ABA50B728D77F9C00C59961 /* Assets.xcassets in Resources */,
			);
			runOnlyForDeploymentPostprocessing = 0;
		};
/* End PBXResourcesBuildPhase section */

/* Begin PBXSourcesBuildPhase section */
		3ABA50AB28D77F9600C59961 /* Sources */ = {
			isa = PBXSourcesBuildPhase;
			buildActionMask = 2147483647;
			files = (
				3A0359B528E370E5004362F5 /* Color+Extensions.swift in Sources */,
				3ABA50B528D77F9600C59961 /* ContentView.swift in Sources */,
				3ABA50B328D77F9600C59961 /* EasyFindApp.swift in Sources */,
				3A53B91128E4D2FD0099A35E /* SignUpPageViewModel.swift in Sources */,
				3A53B90D28E4D1260099A35E /* FormEntryField.swift in Sources */,
				3A53B90A28E4D0430099A35E /* UIColor+Extensions.swift in Sources */,
				3A0359AA28E36145004362F5 /* WelcomePageView.swift in Sources */,
				3A0359AE28E36FC8004362F5 /* Constants.swift in Sources */,
				3A55622228E6044E00A2AA92 /* CustomTextFieldBackgroundStyle.swift in Sources */,
				3A53B90F28E4D2D20099A35E /* SignUpPageView.swift in Sources */,
				3A53B90828E4C1F30099A35E /* LoginPageViewModel.swift in Sources */,
				3A53B90628E4C1CD0099A35E /* LoginPageView.swift in Sources */,
			);
			runOnlyForDeploymentPostprocessing = 0;
		};
/* End PBXSourcesBuildPhase section */

/* Begin XCBuildConfiguration section */
		3ABA50BB28D77F9C00C59961 /* Debug */ = {
			isa = XCBuildConfiguration;
			buildSettings = {
				ALWAYS_SEARCH_USER_PATHS = NO;
				CLANG_ANALYZER_NONNULL = YES;
				CLANG_ANALYZER_NUMBER_OBJECT_CONVERSION = YES_AGGRESSIVE;
				CLANG_CXX_LANGUAGE_STANDARD = "gnu++20";
				CLANG_ENABLE_MODULES = YES;
				CLANG_ENABLE_OBJC_ARC = YES;
				CLANG_ENABLE_OBJC_WEAK = YES;
				CLANG_WARN_BLOCK_CAPTURE_AUTORELEASING = YES;
				CLANG_WARN_BOOL_CONVERSION = YES;
				CLANG_WARN_COMMA = YES;
				CLANG_WARN_CONSTANT_CONVERSION = YES;
				CLANG_WARN_DEPRECATED_OBJC_IMPLEMENTATIONS = YES;
				CLANG_WARN_DIRECT_OBJC_ISA_USAGE = YES_ERROR;
				CLANG_WARN_DOCUMENTATION_COMMENTS = YES;
				CLANG_WARN_EMPTY_BODY = YES;
				CLANG_WARN_ENUM_CONVERSION = YES;
				CLANG_WARN_INFINITE_RECURSION = YES;
				CLANG_WARN_INT_CONVERSION = YES;
				CLANG_WARN_NON_LITERAL_NULL_CONVERSION = YES;
				CLANG_WARN_OBJC_IMPLICIT_RETAIN_SELF = YES;
				CLANG_WARN_OBJC_LITERAL_CONVERSION = YES;
				CLANG_WARN_OBJC_ROOT_CLASS = YES_ERROR;
				CLANG_WARN_QUOTED_INCLUDE_IN_FRAMEWORK_HEADER = YES;
				CLANG_WARN_RANGE_LOOP_ANALYSIS = YES;
				CLANG_WARN_STRICT_PROTOTYPES = YES;
				CLANG_WARN_SUSPICIOUS_MOVE = YES;
				CLANG_WARN_UNGUARDED_AVAILABILITY = YES_AGGRESSIVE;
				CLANG_WARN_UNREACHABLE_CODE = YES;
				CLANG_WARN__DUPLICATE_METHOD_MATCH = YES;
				COPY_PHASE_STRIP = NO;
				DEBUG_INFORMATION_FORMAT = dwarf;
				ENABLE_STRICT_OBJC_MSGSEND = YES;
				ENABLE_TESTABILITY = YES;
				GCC_C_LANGUAGE_STANDARD = gnu11;
				GCC_DYNAMIC_NO_PIC = NO;
				GCC_NO_COMMON_BLOCKS = YES;
				GCC_OPTIMIZATION_LEVEL = 0;
				GCC_PREPROCESSOR_DEFINITIONS = (
					"DEBUG=1",
					"$(inherited)",
				);
				GCC_WARN_64_TO_32_BIT_CONVERSION = YES;
				GCC_WARN_ABOUT_RETURN_TYPE = YES_ERROR;
				GCC_WARN_UNDECLARED_SELECTOR = YES;
				GCC_WARN_UNINITIALIZED_AUTOS = YES_AGGRESSIVE;
				GCC_WARN_UNUSED_FUNCTION = YES;
				GCC_WARN_UNUSED_VARIABLE = YES;
				IPHONEOS_DEPLOYMENT_TARGET = 16.0;
				MTL_ENABLE_DEBUG_INFO = INCLUDE_SOURCE;
				MTL_FAST_MATH = YES;
				ONLY_ACTIVE_ARCH = YES;
				SDKROOT = iphoneos;
				SWIFT_ACTIVE_COMPILATION_CONDITIONS = DEBUG;
				SWIFT_OPTIMIZATION_LEVEL = "-Onone";
			};
			name = Debug;
		};
		3ABA50BC28D77F9C00C59961 /* Release */ = {
			isa = XCBuildConfiguration;
			buildSettings = {
				ALWAYS_SEARCH_USER_PATHS = NO;
				CLANG_ANALYZER_NONNULL = YES;
				CLANG_ANALYZER_NUMBER_OBJECT_CONVERSION = YES_AGGRESSIVE;
				CLANG_CXX_LANGUAGE_STANDARD = "gnu++20";
				CLANG_ENABLE_MODULES = YES;
				CLANG_ENABLE_OBJC_ARC = YES;
				CLANG_ENABLE_OBJC_WEAK = YES;
				CLANG_WARN_BLOCK_CAPTURE_AUTORELEASING = YES;
				CLANG_WARN_BOOL_CONVERSION = YES;
				CLANG_WARN_COMMA = YES;
				CLANG_WARN_CONSTANT_CONVERSION = YES;
				CLANG_WARN_DEPRECATED_OBJC_IMPLEMENTATIONS = YES;
				CLANG_WARN_DIRECT_OBJC_ISA_USAGE = YES_ERROR;
				CLANG_WARN_DOCUMENTATION_COMMENTS = YES;
				CLANG_WARN_EMPTY_BODY = YES;
				CLANG_WARN_ENUM_CONVERSION = YES;
				CLANG_WARN_INFINITE_RECURSION = YES;
				CLANG_WARN_INT_CONVERSION = YES;
				CLANG_WARN_NON_LITERAL_NULL_CONVERSION = YES;
				CLANG_WARN_OBJC_IMPLICIT_RETAIN_SELF = YES;
				CLANG_WARN_OBJC_LITERAL_CONVERSION = YES;
				CLANG_WARN_OBJC_ROOT_CLASS = YES_ERROR;
				CLANG_WARN_QUOTED_INCLUDE_IN_FRAMEWORK_HEADER = YES;
				CLANG_WARN_RANGE_LOOP_ANALYSIS = YES;
				CLANG_WARN_STRICT_PROTOTYPES = YES;
				CLANG_WARN_SUSPICIOUS_MOVE = YES;
				CLANG_WARN_UNGUARDED_AVAILABILITY = YES_AGGRESSIVE;
				CLANG_WARN_UNREACHABLE_CODE = YES;
				CLANG_WARN__DUPLICATE_METHOD_MATCH = YES;
				COPY_PHASE_STRIP = NO;
				DEBUG_INFORMATION_FORMAT = "dwarf-with-dsym";
				ENABLE_NS_ASSERTIONS = NO;
				ENABLE_STRICT_OBJC_MSGSEND = YES;
				GCC_C_LANGUAGE_STANDARD = gnu11;
				GCC_NO_COMMON_BLOCKS = YES;
				GCC_WARN_64_TO_32_BIT_CONVERSION = YES;
				GCC_WARN_ABOUT_RETURN_TYPE = YES_ERROR;
				GCC_WARN_UNDECLARED_SELECTOR = YES;
				GCC_WARN_UNINITIALIZED_AUTOS = YES_AGGRESSIVE;
				GCC_WARN_UNUSED_FUNCTION = YES;
				GCC_WARN_UNUSED_VARIABLE = YES;
				IPHONEOS_DEPLOYMENT_TARGET = 16.0;
				MTL_ENABLE_DEBUG_INFO = NO;
				MTL_FAST_MATH = YES;
				SDKROOT = iphoneos;
				SWIFT_COMPILATION_MODE = wholemodule;
				SWIFT_OPTIMIZATION_LEVEL = "-O";
				VALIDATE_PRODUCT = YES;
			};
			name = Release;
		};
		3ABA50BE28D77F9C00C59961 /* Debug */ = {
			isa = XCBuildConfiguration;
			buildSettings = {
				ASSETCATALOG_COMPILER_APPICON_NAME = AppIcon;
				ASSETCATALOG_COMPILER_GLOBAL_ACCENT_COLOR_NAME = AccentColor;
				CODE_SIGN_STYLE = Automatic;
				CURRENT_PROJECT_VERSION = 1;
				DEVELOPMENT_ASSET_PATHS = "\"EasyFind/Preview Content\"";
				DEVELOPMENT_TEAM = PA72GZV8QY;
				ENABLE_PREVIEWS = YES;
				GENERATE_INFOPLIST_FILE = YES;
				INFOPLIST_KEY_UIApplicationSceneManifest_Generation = YES;
				INFOPLIST_KEY_UIApplicationSupportsIndirectInputEvents = YES;
				INFOPLIST_KEY_UILaunchScreen_Generation = YES;
				INFOPLIST_KEY_UISupportedInterfaceOrientations_iPad = "UIInterfaceOrientationPortrait UIInterfaceOrientationPortraitUpsideDown UIInterfaceOrientationLandscapeLeft UIInterfaceOrientationLandscapeRight";
				INFOPLIST_KEY_UISupportedInterfaceOrientations_iPhone = "UIInterfaceOrientationPortrait UIInterfaceOrientationLandscapeLeft UIInterfaceOrientationLandscapeRight";
				LD_RUNPATH_SEARCH_PATHS = (
					"$(inherited)",
					"@executable_path/Frameworks",
				);
				MARKETING_VERSION = 1.0;
				PRODUCT_BUNDLE_IDENTIFIER = com.dakinnir.EasyFind;
				PRODUCT_NAME = "$(TARGET_NAME)";
				SWIFT_EMIT_LOC_STRINGS = YES;
				SWIFT_VERSION = 5.0;
				TARGETED_DEVICE_FAMILY = "1,2";
			};
			name = Debug;
		};
		3ABA50BF28D77F9C00C59961 /* Release */ = {
			isa = XCBuildConfiguration;
			buildSettings = {
				ASSETCATALOG_COMPILER_APPICON_NAME = AppIcon;
				ASSETCATALOG_COMPILER_GLOBAL_ACCENT_COLOR_NAME = AccentColor;
				CODE_SIGN_STYLE = Automatic;
				CURRENT_PROJECT_VERSION = 1;
				DEVELOPMENT_ASSET_PATHS = "\"EasyFind/Preview Content\"";
				DEVELOPMENT_TEAM = PA72GZV8QY;
				ENABLE_PREVIEWS = YES;
				GENERATE_INFOPLIST_FILE = YES;
				INFOPLIST_KEY_UIApplicationSceneManifest_Generation = YES;
				INFOPLIST_KEY_UIApplicationSupportsIndirectInputEvents = YES;
				INFOPLIST_KEY_UILaunchScreen_Generation = YES;
				INFOPLIST_KEY_UISupportedInterfaceOrientations_iPad = "UIInterfaceOrientationPortrait UIInterfaceOrientationPortraitUpsideDown UIInterfaceOrientationLandscapeLeft UIInterfaceOrientationLandscapeRight";
				INFOPLIST_KEY_UISupportedInterfaceOrientations_iPhone = "UIInterfaceOrientationPortrait UIInterfaceOrientationLandscapeLeft UIInterfaceOrientationLandscapeRight";
				LD_RUNPATH_SEARCH_PATHS = (
					"$(inherited)",
					"@executable_path/Frameworks",
				);
				MARKETING_VERSION = 1.0;
				PRODUCT_BUNDLE_IDENTIFIER = com.dakinnir.EasyFind;
				PRODUCT_NAME = "$(TARGET_NAME)";
				SWIFT_EMIT_LOC_STRINGS = YES;
				SWIFT_VERSION = 5.0;
				TARGETED_DEVICE_FAMILY = "1,2";
			};
			name = Release;
		};
/* End XCBuildConfiguration section */

/* Begin XCConfigurationList section */
		3ABA50AA28D77F9600C59961 /* Build configuration list for PBXProject "EasyFind" */ = {
			isa = XCConfigurationList;
			buildConfigurations = (
				3ABA50BB28D77F9C00C59961 /* Debug */,
				3ABA50BC28D77F9C00C59961 /* Release */,
			);
			defaultConfigurationIsVisible = 0;
			defaultConfigurationName = Release;
		};
		3ABA50BD28D77F9C00C59961 /* Build configuration list for PBXNativeTarget "EasyFind" */ = {
			isa = XCConfigurationList;
			buildConfigurations = (
				3ABA50BE28D77F9C00C59961 /* Debug */,
				3ABA50BF28D77F9C00C59961 /* Release */,
			);
			defaultConfigurationIsVisible = 0;
			defaultConfigurationName = Release;
		};
/* End XCConfigurationList section */
	};
	rootObject = 3ABA50A728D77F9600C59961 /* Project object */;
}
